
Microsoft Visual Studio Solution File, Format Version 12.00
# Visual Studio Version 16
VisualStudioVersion = 16.0.30621.155
MinimumVisualStudioVersion = 10.0.40219.1
Project("{FAE04EC0-301F-11D3-BF4B-00C04F79EFBC}") = "HaL", "HaL.csproj", "{A90E19E1-7513-43AE-A2EE-BB9FFD6DA03B}"
EndProject
Global
	GlobalSection(SolutionConfigurationPlatforms) = preSolution
		Debug|Any CPU = Debug|Any CPU
		Release|Any CPU = Release|Any CPU
	EndGlobalSection
	GlobalSection(ProjectConfigurationPlatforms) = postSolution
		{A90E19E1-7513-43AE-A2EE-BB9FFD6DA03B}.Debug|Any CPU.ActiveCfg = Debug|Any CPU
		{A90E19E1-7513-43AE-A2EE-BB9FFD6DA03B}.Debug|Any CPU.Build.0 = Debug|Any CPU
		{A90E19E1-7513-43AE-A2EE-BB9FFD6DA03B}.Release|Any CPU.ActiveCfg = Release|Any CPU
		{A90E19E1-7513-43AE-A2EE-BB9FFD6DA03B}.Release|Any CPU.Build.0 = Release|Any CPU
	EndGlobalSection
	GlobalSection(SolutionProperties) = preSolution
		HideSolutionNode = FALSE
	EndGlobalSection
	GlobalSection(ExtensibilityGlobals) = postSolution
		SolutionGuid = {CD303592-221F-4F01-BDEC-E8596758F701}
	EndGlobalSection
EndGlobal
